
Microsoft Visual Studio Solution File, Format Version 12.00
# Visual Studio Version 16
VisualStudioVersion = 16.0.29025.244
MinimumVisualStudioVersion = 10.0.40219.1
Project("{00D1A9C2-B5F0-4AF3-8072-F6C62B433612}") = "Database", "Database\Database.sqlproj", "{56F2BEFF-BE5D-4AF0-82D4-CB4F8EEA2ABE}"
EndProject
Project("{FAE04EC0-301F-11D3-BF4B-00C04F79EFBC}") = "WebAPI", "WebAPI\WebAPI.csproj", "{FFFBB386-C345-4692-BF5B-7B0027BC47F0}"
EndProject
Global
	GlobalSection(SolutionConfigurationPlatforms) = preSolution
		Debug|Any CPU = Debug|Any CPU
		Release|Any CPU = Release|Any CPU
	EndGlobalSection
	GlobalSection(ProjectConfigurationPlatforms) = postSolution
		{56F2BEFF-BE5D-4AF0-82D4-CB4F8EEA2ABE}.Debug|Any CPU.ActiveCfg = Debug|Any CPU
		{56F2BEFF-BE5D-4AF0-82D4-CB4F8EEA2ABE}.Debug|Any CPU.Build.0 = Debug|Any CPU
		{56F2BEFF-BE5D-4AF0-82D4-CB4F8EEA2ABE}.Debug|Any CPU.Deploy.0 = Debug|Any CPU
		{56F2BEFF-BE5D-4AF0-82D4-CB4F8EEA2ABE}.Release|Any CPU.ActiveCfg = Release|Any CPU
		{56F2BEFF-BE5D-4AF0-82D4-CB4F8EEA2ABE}.Release|Any CPU.Build.0 = Release|Any CPU
		{56F2BEFF-BE5D-4AF0-82D4-CB4F8EEA2ABE}.Release|Any CPU.Deploy.0 = Release|Any CPU
		{FFFBB386-C345-4692-BF5B-7B0027BC47F0}.Debug|Any CPU.ActiveCfg = Debug|Any CPU
		{FFFBB386-C345-4692-BF5B-7B0027BC47F0}.Debug|Any CPU.Build.0 = Debug|Any CPU
		{FFFBB386-C345-4692-BF5B-7B0027BC47F0}.Release|Any CPU.ActiveCfg = Release|Any CPU
		{FFFBB386-C345-4692-BF5B-7B0027BC47F0}.Release|Any CPU.Build.0 = Release|Any CPU
	EndGlobalSection
	GlobalSection(SolutionProperties) = preSolution
		HideSolutionNode = FALSE
	EndGlobalSection
	GlobalSection(ExtensibilityGlobals) = postSolution
		SolutionGuid = {3E623256-F982-404F-883D-006F0DAE14B8}
	EndGlobalSection
EndGlobal
